{
  "name": "html",
  "version": "0.1.0",
  "lockfileVersion": 1,
  "requires": true,
  "dependencies": {
    "@types/mocha": {
      "version": "2.2.42",
      "resolved": "https://registry.npmjs.org/@types/mocha/-/mocha-2.2.42.tgz",
      "integrity": "sha512-b6gVDoxEbAQGwbV7gSzeFw/hy3/eEAokztktdzl4bHvGgb9K5zW4mVQDlVYch2w31m8t/J7L2iqhQvz3r5edCQ==",
      "dev": true
    },
    "@types/node": {
      "version": "6.0.88",
      "resolved": "https://registry.npmjs.org/@types/node/-/node-6.0.88.tgz",
      "integrity": "sha512-bYDPZTX0/s1aihdjLuAgogUAT5M+TpoWChEMea2p0yOcfn5bu3k6cJb9cp6nw268XeSNIGGr+4+/8V5K6BGzLQ==",
      "dev": true
    },
    "applicationinsights": {
      "version": "0.18.0",
      "resolved": "https://registry.npmjs.org/applicationinsights/-/applicationinsights-0.18.0.tgz",
      "integrity": "sha1-Fi67SKODQIvE3kTbMrQXMH9Fu8E="
    },
    "vscode-extension-telemetry": {
      "version": "0.0.8",
      "resolved": "https://registry.npmjs.org/vscode-extension-telemetry/-/vscode-extension-telemetry-0.0.8.tgz",
      "integrity": "sha1-ImG/+Ya2aQpvH3RqRaxb0fhdKeA=",
      "requires": {
        "applicationinsights": "0.18.0",
        "winreg": "1.2.3"
      }
    },
    "vscode-jsonrpc": {
      "version": "3.3.1",
      "resolved": "https://registry.npmjs.org/vscode-jsonrpc/-/vscode-jsonrpc-3.3.1.tgz",
      "integrity": "sha512-iLlG27498AJF0j4GJ4yua7Z9bpJfLfwpAaAA9mihe6VDoYHwK8TyFgnpXdgjoTb8X9/DnzimQeg0bjIWINvPWw=="
    },
    "vscode-languageclient": {
      "version": "3.4.0-next.17",
      "resolved": "https://registry.npmjs.org/vscode-languageclient/-/vscode-languageclient-3.4.0-next.17.tgz",
      "integrity": "sha1-Oly8oAMmdI46LZEFOP+hOVCjyBc=",
      "requires": {
        "vscode-jsonrpc": "3.3.1",
        "vscode-languageserver-protocol": "3.1.1",
        "vscode-languageserver-types": "3.3.0"
      }
    },
    "vscode-languageserver-protocol": {
      "version": "3.1.1",
      "resolved": "https://registry.npmjs.org/vscode-languageserver-protocol/-/vscode-languageserver-protocol-3.1.1.tgz",
      "integrity": "sha1-Te63CpAoK7OKNOxZ3SJGlmUODC0=",
      "requires": {
        "vscode-jsonrpc": "3.3.1",
        "vscode-languageserver-types": "3.3.0"
      }
    },
    "vscode-languageserver-types": {
      "version": "3.3.0",
      "resolved": "https://registry.npmjs.org/vscode-languageserver-types/-/vscode-languageserver-types-3.3.0.tgz",
      "integrity": "sha512-5BMClM4D3mRl5JlWFxIxhhJAbcVW9dFviz8ubppmG8epCTzl1bPpndcnvsjOjUlVsO9V8l8Ktklqc70Ew6soew=="
    },
    "vscode-nls": {
      "version": "2.0.2",
      "resolved": "https://registry.npmjs.org/vscode-nls/-/vscode-nls-2.0.2.tgz",
      "integrity": "sha1-gIUiOAhEuK0VNJmvXDsDkhrqAto="
    },
    "winreg": {
      "version": "1.2.3",
      "resolved": "https://registry.npmjs.org/winreg/-/winreg-1.2.3.tgz",
      "integrity": "sha1-k60RayaW2ofVj3JlqPzqUlSpZdU="
    }
  }
}
